
Microsoft Visual Studio Solution File, Format Version 12.00
# Visual Studio Version 16
VisualStudioVersion = 16.0.30503.244
MinimumVisualStudioVersion = 10.0.40219.1
Project("{9A19103F-16F7-4668-BE54-9A1E7A4F7556}") = "pokemon-a-la-shakespeare", "pokemon-a-la-shakespeare.csproj", "{F0CBEB20-811F-4550-BFF1-B5A0530CF731}"
EndProject
Project("{FAE04EC0-301F-11D3-BF4B-00C04F79EFBC}") = "pokemon-a-la-shakespeare.Test", "..\pokemon-a-la-shakespeare.Test\pokemon-a-la-shakespeare.Test.csproj", "{C498416A-7086-4856-A6EE-2929100A45DC}"
EndProject
Global
	GlobalSection(SolutionConfigurationPlatforms) = preSolution
		Debug|Any CPU = Debug|Any CPU
		Release|Any CPU = Release|Any CPU
	EndGlobalSection
	GlobalSection(ProjectConfigurationPlatforms) = postSolution
		{F0CBEB20-811F-4550-BFF1-B5A0530CF731}.Debug|Any CPU.ActiveCfg = Debug|Any CPU
		{F0CBEB20-811F-4550-BFF1-B5A0530CF731}.Debug|Any CPU.Build.0 = Debug|Any CPU
		{F0CBEB20-811F-4550-BFF1-B5A0530CF731}.Release|Any CPU.ActiveCfg = Release|Any CPU
		{F0CBEB20-811F-4550-BFF1-B5A0530CF731}.Release|Any CPU.Build.0 = Release|Any CPU
		{C498416A-7086-4856-A6EE-2929100A45DC}.Debug|Any CPU.ActiveCfg = Debug|Any CPU
		{C498416A-7086-4856-A6EE-2929100A45DC}.Debug|Any CPU.Build.0 = Debug|Any CPU
		{C498416A-7086-4856-A6EE-2929100A45DC}.Release|Any CPU.ActiveCfg = Release|Any CPU
		{C498416A-7086-4856-A6EE-2929100A45DC}.Release|Any CPU.Build.0 = Release|Any CPU
	EndGlobalSection
	GlobalSection(SolutionProperties) = preSolution
		HideSolutionNode = FALSE
	EndGlobalSection
	GlobalSection(ExtensibilityGlobals) = postSolution
		SolutionGuid = {0562E900-5826-427B-B0F8-6305EBFE2FFF}
	EndGlobalSection
EndGlobal
